
Microsoft Visual Studio Solution File, Format Version 12.00
Project("{FAE04EC0-301F-11D3-BF4B-00C04F79EFBC}") = "DeviceManager.Repository", "DeviceManager.Repository\DeviceManager.Repository.csproj", "{B1141716-B6B9-4A90-BEDB-5EF11076DCA6}"
EndProject
Project("{FAE04EC0-301F-11D3-BF4B-00C04F79EFBC}") = "DeviceManager.RestAPI", "DeviceManager.RestAPI\DeviceManager.RestAPI.csproj", "{99962EE0-2E15-4842-97B9-7FB278A3E9D8}"
EndProject
Global
	GlobalSection(SolutionConfigurationPlatforms) = preSolution
		Debug|Any CPU = Debug|Any CPU
		Release|Any CPU = Release|Any CPU
	EndGlobalSection
	GlobalSection(ProjectConfigurationPlatforms) = postSolution
		{B1141716-B6B9-4A90-BEDB-5EF11076DCA6}.Debug|Any CPU.ActiveCfg = Debug|Any CPU
		{B1141716-B6B9-4A90-BEDB-5EF11076DCA6}.Debug|Any CPU.Build.0 = Debug|Any CPU
		{B1141716-B6B9-4A90-BEDB-5EF11076DCA6}.Release|Any CPU.ActiveCfg = Release|Any CPU
		{B1141716-B6B9-4A90-BEDB-5EF11076DCA6}.Release|Any CPU.Build.0 = Release|Any CPU
		{99962EE0-2E15-4842-97B9-7FB278A3E9D8}.Debug|Any CPU.ActiveCfg = Debug|Any CPU
		{99962EE0-2E15-4842-97B9-7FB278A3E9D8}.Debug|Any CPU.Build.0 = Debug|Any CPU
		{99962EE0-2E15-4842-97B9-7FB278A3E9D8}.Release|Any CPU.ActiveCfg = Release|Any CPU
		{99962EE0-2E15-4842-97B9-7FB278A3E9D8}.Release|Any CPU.Build.0 = Release|Any CPU
	EndGlobalSection
EndGlobal
